
Microsoft Visual Studio Solution File, Format Version 12.00
# Visual Studio Version 16
VisualStudioVersion = 16.0.31624.102
MinimumVisualStudioVersion = 10.0.40219.1
Project("{8BC9CEB8-8B4A-11D0-8D11-00A0C91BC942}") = "labka5.1A", "labka5.1A.vcxproj", "{181CA335-10C5-40E3-9050-D3454E3D2224}"
EndProject
Global
	GlobalSection(SolutionConfigurationPlatforms) = preSolution
		Debug|x64 = Debug|x64
		Debug|x86 = Debug|x86
		Release|x64 = Release|x64
		Release|x86 = Release|x86
	EndGlobalSection
	GlobalSection(ProjectConfigurationPlatforms) = postSolution
		{181CA335-10C5-40E3-9050-D3454E3D2224}.Debug|x64.ActiveCfg = Debug|x64
		{181CA335-10C5-40E3-9050-D3454E3D2224}.Debug|x64.Build.0 = Debug|x64
		{181CA335-10C5-40E3-9050-D3454E3D2224}.Debug|x86.ActiveCfg = Debug|Win32
		{181CA335-10C5-40E3-9050-D3454E3D2224}.Debug|x86.Build.0 = Debug|Win32
		{181CA335-10C5-40E3-9050-D3454E3D2224}.Release|x64.ActiveCfg = Release|x64
		{181CA335-10C5-40E3-9050-D3454E3D2224}.Release|x64.Build.0 = Release|x64
		{181CA335-10C5-40E3-9050-D3454E3D2224}.Release|x86.ActiveCfg = Release|Win32
		{181CA335-10C5-40E3-9050-D3454E3D2224}.Release|x86.Build.0 = Release|Win32
	EndGlobalSection
	GlobalSection(SolutionProperties) = preSolution
		HideSolutionNode = FALSE
	EndGlobalSection
	GlobalSection(ExtensibilityGlobals) = postSolution
		SolutionGuid = {79C6BA39-D6D7-4AB2-AF62-6A048029AE8E}
	EndGlobalSection
EndGlobal
